
Microsoft Visual Studio Solution File, Format Version 12.00
# Visual Studio Version 16
VisualStudioVersion = 16.0.30907.101
MinimumVisualStudioVersion = 10.0.40219.1
Project("{FAE04EC0-301F-11D3-BF4B-00C04F79EFBC}") = "CalculateAge", "CalculateAge\CalculateAge.csproj", "{BE94FA5B-239A-4A24-89BC-5C8B01539391}"
EndProject
Global
	GlobalSection(SolutionConfigurationPlatforms) = preSolution
		Debug|Any CPU = Debug|Any CPU
		Release|Any CPU = Release|Any CPU
	EndGlobalSection
	GlobalSection(ProjectConfigurationPlatforms) = postSolution
		{BE94FA5B-239A-4A24-89BC-5C8B01539391}.Debug|Any CPU.ActiveCfg = Debug|Any CPU
		{BE94FA5B-239A-4A24-89BC-5C8B01539391}.Debug|Any CPU.Build.0 = Debug|Any CPU
		{BE94FA5B-239A-4A24-89BC-5C8B01539391}.Release|Any CPU.ActiveCfg = Release|Any CPU
		{BE94FA5B-239A-4A24-89BC-5C8B01539391}.Release|Any CPU.Build.0 = Release|Any CPU
	EndGlobalSection
	GlobalSection(SolutionProperties) = preSolution
		HideSolutionNode = FALSE
	EndGlobalSection
	GlobalSection(ExtensibilityGlobals) = postSolution
		SolutionGuid = {2CC5AB68-71C7-490C-93C0-9D295DC85C1B}
	EndGlobalSection
EndGlobal
